
Microsoft Visual Studio Solution File, Format Version 12.00
# Visual Studio 14
VisualStudioVersion = 14.0.25420.1
MinimumVisualStudioVersion = 10.0.40219.1
Project("{FAE04EC0-301F-11D3-BF4B-00C04F79EFBC}") = "ClothBazar.web", "ClothBazar.web\ClothBazar.web.csproj", "{237D2C4F-B607-45A5-8E2B-3A955A06A4F9}"
EndProject
Project("{FAE04EC0-301F-11D3-BF4B-00C04F79EFBC}") = "ClothBazar.Entities", "ClothBazar.Entities\ClothBazar.Entities.csproj", "{5708EF61-AA67-4D33-BF3D-F6417ED90B11}"
EndProject
Project("{FAE04EC0-301F-11D3-BF4B-00C04F79EFBC}") = "ClothBazar.Database", "ClothBazar.Database\ClothBazar.Database.csproj", "{3AA0CA7D-98EA-4B22-B4A5-C3EF011A5F27}"
EndProject
Project("{FAE04EC0-301F-11D3-BF4B-00C04F79EFBC}") = "ClothBazar.services", "ClothBazar.services\ClothBazar.services.csproj", "{73AAE44D-07C2-4805-A7D6-AF737441F13D}"
EndProject
Global
	GlobalSection(SolutionConfigurationPlatforms) = preSolution
		Debug|Any CPU = Debug|Any CPU
		Release|Any CPU = Release|Any CPU
	EndGlobalSection
	GlobalSection(ProjectConfigurationPlatforms) = postSolution
		{237D2C4F-B607-45A5-8E2B-3A955A06A4F9}.Debug|Any CPU.ActiveCfg = Debug|Any CPU
		{237D2C4F-B607-45A5-8E2B-3A955A06A4F9}.Debug|Any CPU.Build.0 = Debug|Any CPU
		{237D2C4F-B607-45A5-8E2B-3A955A06A4F9}.Release|Any CPU.ActiveCfg = Release|Any CPU
		{237D2C4F-B607-45A5-8E2B-3A955A06A4F9}.Release|Any CPU.Build.0 = Release|Any CPU
		{5708EF61-AA67-4D33-BF3D-F6417ED90B11}.Debug|Any CPU.ActiveCfg = Debug|Any CPU
		{5708EF61-AA67-4D33-BF3D-F6417ED90B11}.Debug|Any CPU.Build.0 = Debug|Any CPU
		{5708EF61-AA67-4D33-BF3D-F6417ED90B11}.Release|Any CPU.ActiveCfg = Release|Any CPU
		{5708EF61-AA67-4D33-BF3D-F6417ED90B11}.Release|Any CPU.Build.0 = Release|Any CPU
		{3AA0CA7D-98EA-4B22-B4A5-C3EF011A5F27}.Debug|Any CPU.ActiveCfg = Debug|Any CPU
		{3AA0CA7D-98EA-4B22-B4A5-C3EF011A5F27}.Debug|Any CPU.Build.0 = Debug|Any CPU
		{3AA0CA7D-98EA-4B22-B4A5-C3EF011A5F27}.Release|Any CPU.ActiveCfg = Release|Any CPU
		{3AA0CA7D-98EA-4B22-B4A5-C3EF011A5F27}.Release|Any CPU.Build.0 = Release|Any CPU
		{73AAE44D-07C2-4805-A7D6-AF737441F13D}.Debug|Any CPU.ActiveCfg = Debug|Any CPU
		{73AAE44D-07C2-4805-A7D6-AF737441F13D}.Debug|Any CPU.Build.0 = Debug|Any CPU
		{73AAE44D-07C2-4805-A7D6-AF737441F13D}.Release|Any CPU.ActiveCfg = Release|Any CPU
		{73AAE44D-07C2-4805-A7D6-AF737441F13D}.Release|Any CPU.Build.0 = Release|Any CPU
	EndGlobalSection
	GlobalSection(SolutionProperties) = preSolution
		HideSolutionNode = FALSE
	EndGlobalSection
EndGlobal
